
Microsoft Visual Studio Solution File, Format Version 12.00
# Visual Studio Version 17
VisualStudioVersion = 17.10.35027.167
MinimumVisualStudioVersion = 10.0.40219.1
Project("{FAE04EC0-301F-11D3-BF4B-00C04F79EFBC}") = "CourseManagementAPI", "CourseManagementAPI\CourseManagementAPI.csproj", "{ED130953-8D86-4B07-A5FE-746830E906D6}"
EndProject
Project("{FAE04EC0-301F-11D3-BF4B-00C04F79EFBC}") = "DataAccessLayer", "DataAccessLayer\DataAccessLayer.csproj", "{F49141B4-21F1-4671-A9A5-002E1E0429B6}"
EndProject
Project("{FAE04EC0-301F-11D3-BF4B-00C04F79EFBC}") = "BusinessAccessLayer", "BusinessAccessLayer\BusinessAccessLayer.csproj", "{D1A32451-0FEE-4446-98B7-53AA743D346F}"
EndProject
Global
	GlobalSection(SolutionConfigurationPlatforms) = preSolution
		Debug|Any CPU = Debug|Any CPU
		Release|Any CPU = Release|Any CPU
	EndGlobalSection
	GlobalSection(ProjectConfigurationPlatforms) = postSolution
		{ED130953-8D86-4B07-A5FE-746830E906D6}.Debug|Any CPU.ActiveCfg = Debug|Any CPU
		{ED130953-8D86-4B07-A5FE-746830E906D6}.Debug|Any CPU.Build.0 = Debug|Any CPU
		{ED130953-8D86-4B07-A5FE-746830E906D6}.Release|Any CPU.ActiveCfg = Release|Any CPU
		{ED130953-8D86-4B07-A5FE-746830E906D6}.Release|Any CPU.Build.0 = Release|Any CPU
		{F49141B4-21F1-4671-A9A5-002E1E0429B6}.Debug|Any CPU.ActiveCfg = Debug|Any CPU
		{F49141B4-21F1-4671-A9A5-002E1E0429B6}.Debug|Any CPU.Build.0 = Debug|Any CPU
		{F49141B4-21F1-4671-A9A5-002E1E0429B6}.Release|Any CPU.ActiveCfg = Release|Any CPU
		{F49141B4-21F1-4671-A9A5-002E1E0429B6}.Release|Any CPU.Build.0 = Release|Any CPU
		{D1A32451-0FEE-4446-98B7-53AA743D346F}.Debug|Any CPU.ActiveCfg = Debug|Any CPU
		{D1A32451-0FEE-4446-98B7-53AA743D346F}.Debug|Any CPU.Build.0 = Debug|Any CPU
		{D1A32451-0FEE-4446-98B7-53AA743D346F}.Release|Any CPU.ActiveCfg = Release|Any CPU
		{D1A32451-0FEE-4446-98B7-53AA743D346F}.Release|Any CPU.Build.0 = Release|Any CPU
	EndGlobalSection
	GlobalSection(SolutionProperties) = preSolution
		HideSolutionNode = FALSE
	EndGlobalSection
	GlobalSection(ExtensibilityGlobals) = postSolution
		SolutionGuid = {D4252272-58A7-42AB-8C5A-A3E84A5DD709}
	EndGlobalSection
EndGlobal
